
Microsoft Visual Studio Solution File, Format Version 12.00
Project("{FAE04EC0-301F-11D3-BF4B-00C04F79EFBC}") = "pastebin-clone-2", "pastebin-clone-2\pastebin-clone-2.csproj", "{AF435F9F-62F5-4B98-B0E9-5AA24DDC382E}"
EndProject
Global
	GlobalSection(SolutionConfigurationPlatforms) = preSolution
		Debug|Any CPU = Debug|Any CPU
		Release|Any CPU = Release|Any CPU
	EndGlobalSection
	GlobalSection(ProjectConfigurationPlatforms) = postSolution
		{AF435F9F-62F5-4B98-B0E9-5AA24DDC382E}.Debug|Any CPU.ActiveCfg = Debug|Any CPU
		{AF435F9F-62F5-4B98-B0E9-5AA24DDC382E}.Debug|Any CPU.Build.0 = Debug|Any CPU
		{AF435F9F-62F5-4B98-B0E9-5AA24DDC382E}.Release|Any CPU.ActiveCfg = Release|Any CPU
		{AF435F9F-62F5-4B98-B0E9-5AA24DDC382E}.Release|Any CPU.Build.0 = Release|Any CPU
	EndGlobalSection
EndGlobal
